// !$*UTF8*$!
{
	archiveVersion = 1;
	classes = {
	};
	objectVersion = 56;
	objects = {

/* Begin PBXBuildFile section */
		6EDCF5D32B0FE2B40049E31A /* Secrets.swift in Sources */ = {isa = PBXBuildFile; fileRef = 6EDCF5D22B0FE2B40049E31A /* Secrets.swift */; };
		D252FAE82B07B067007E3DFC /* WebView.swift in Sources */ = {isa = PBXBuildFile; fileRef = D252FAE72B07B067007E3DFC /* WebView.swift */; };
		D252FAEA2B07B353007E3DFC /* LoginView.swift in Sources */ = {isa = PBXBuildFile; fileRef = D252FAE92B07B353007E3DFC /* LoginView.swift */; };
		D27A18122B07A33B00027EEE /* AuthManager.swift in Sources */ = {isa = PBXBuildFile; fileRef = D27A18112B07A33B00027EEE /* AuthManager.swift */; };
		D27CB2932B11FDAA00A4F012 /* Token.swift in Sources */ = {isa = PBXBuildFile; fileRef = D27CB2922B11FDAA00A4F012 /* Token.swift */; };
		D27CB2952B11FDD400A4F012 /* CurrentlyPlaying.swift in Sources */ = {isa = PBXBuildFile; fileRef = D27CB2942B11FDD400A4F012 /* CurrentlyPlaying.swift */; };
		D27CB2972B11FE0F00A4F012 /* Track.swift in Sources */ = {isa = PBXBuildFile; fileRef = D27CB2962B11FE0F00A4F012 /* Track.swift */; };
		D27CB2992B11FF4800A4F012 /* HeaderView.swift in Sources */ = {isa = PBXBuildFile; fileRef = D27CB2982B11FF4800A4F012 /* HeaderView.swift */; };
		D281C7C22AD879FA009ED17B /* SpotBarApp.swift in Sources */ = {isa = PBXBuildFile; fileRef = D281C7C12AD879FA009ED17B /* SpotBarApp.swift */; };
		D281C7C62AD879FB009ED17B /* Assets.xcassets in Resources */ = {isa = PBXBuildFile; fileRef = D281C7C52AD879FB009ED17B /* Assets.xcassets */; };
		D281C7C92AD879FB009ED17B /* Preview Assets.xcassets in Resources */ = {isa = PBXBuildFile; fileRef = D281C7C82AD879FB009ED17B /* Preview Assets.xcassets */; };
		D281C7D12AD87A69009ED17B /* MusicPlayerView.swift in Sources */ = {isa = PBXBuildFile; fileRef = D281C7D02AD87A69009ED17B /* MusicPlayerView.swift */; };
		D281C7D32AD87A76009ED17B /* AppMenuView.swift in Sources */ = {isa = PBXBuildFile; fileRef = D281C7D22AD87A76009ED17B /* AppMenuView.swift */; };
		D281C7D52AD87A8E009ED17B /* SongInfoImageOverlayView.swift in Sources */ = {isa = PBXBuildFile; fileRef = D281C7D42AD87A8E009ED17B /* SongInfoImageOverlayView.swift */; };
		D2A1FDC12AE9AD4B007B5691 /* RequestManager.swift in Sources */ = {isa = PBXBuildFile; fileRef = D2A1FDC02AE9AD4B007B5691 /* RequestManager.swift */; };
/* End PBXBuildFile section */

/* Begin PBXFileReference section */
		6EDCF5D22B0FE2B40049E31A /* Secrets.swift */ = {isa = PBXFileReference; lastKnownFileType = sourcecode.swift; path = Secrets.swift; sourceTree = "<group>"; };
		D252FAE72B07B067007E3DFC /* WebView.swift */ = {isa = PBXFileReference; lastKnownFileType = sourcecode.swift; path = WebView.swift; sourceTree = "<group>"; };
		D252FAE92B07B353007E3DFC /* LoginView.swift */ = {isa = PBXFileReference; lastKnownFileType = sourcecode.swift; path = LoginView.swift; sourceTree = "<group>"; };
		D27A18112B07A33B00027EEE /* AuthManager.swift */ = {isa = PBXFileReference; lastKnownFileType = sourcecode.swift; path = AuthManager.swift; sourceTree = "<group>"; };
		D27CB2922B11FDAA00A4F012 /* Token.swift */ = {isa = PBXFileReference; lastKnownFileType = sourcecode.swift; path = Token.swift; sourceTree = "<group>"; };
		D27CB2942B11FDD400A4F012 /* CurrentlyPlaying.swift */ = {isa = PBXFileReference; lastKnownFileType = sourcecode.swift; path = CurrentlyPlaying.swift; sourceTree = "<group>"; };
		D27CB2962B11FE0F00A4F012 /* Track.swift */ = {isa = PBXFileReference; lastKnownFileType = sourcecode.swift; path = Track.swift; sourceTree = "<group>"; };
		D27CB2982B11FF4800A4F012 /* HeaderView.swift */ = {isa = PBXFileReference; lastKnownFileType = sourcecode.swift; path = HeaderView.swift; sourceTree = "<group>"; };
		D281C7BE2AD879FA009ED17B /* SpotBar.app */ = {isa = PBXFileReference; explicitFileType = wrapper.application; includeInIndex = 0; path = SpotBar.app; sourceTree = BUILT_PRODUCTS_DIR; };
		D281C7C12AD879FA009ED17B /* SpotBarApp.swift */ = {isa = PBXFileReference; lastKnownFileType = sourcecode.swift; path = SpotBarApp.swift; sourceTree = "<group>"; };
		D281C7C52AD879FB009ED17B /* Assets.xcassets */ = {isa = PBXFileReference; lastKnownFileType = folder.assetcatalog; path = Assets.xcassets; sourceTree = "<group>"; };
		D281C7C82AD879FB009ED17B /* Preview Assets.xcassets */ = {isa = PBXFileReference; lastKnownFileType = folder.assetcatalog; path = "Preview Assets.xcassets"; sourceTree = "<group>"; };
		D281C7CA2AD879FB009ED17B /* SpotBar.entitlements */ = {isa = PBXFileReference; lastKnownFileType = text.plist.entitlements; path = SpotBar.entitlements; sourceTree = "<group>"; };
		D281C7D02AD87A69009ED17B /* MusicPlayerView.swift */ = {isa = PBXFileReference; lastKnownFileType = sourcecode.swift; path = MusicPlayerView.swift; sourceTree = "<group>"; };
		D281C7D22AD87A76009ED17B /* AppMenuView.swift */ = {isa = PBXFileReference; lastKnownFileType = sourcecode.swift; path = AppMenuView.swift; sourceTree = "<group>"; };
		D281C7D42AD87A8E009ED17B /* SongInfoImageOverlayView.swift */ = {isa = PBXFileReference; lastKnownFileType = sourcecode.swift; path = SongInfoImageOverlayView.swift; sourceTree = "<group>"; };
		D2A1FDC02AE9AD4B007B5691 /* RequestManager.swift */ = {isa = PBXFileReference; lastKnownFileType = sourcecode.swift; path = RequestManager.swift; sourceTree = "<group>"; };
/* End PBXFileReference section */

/* Begin PBXFrameworksBuildPhase section */
		D281C7BB2AD879FA009ED17B /* Frameworks */ = {
			isa = PBXFrameworksBuildPhase;
			buildActionMask = 2147483647;
			files = (
			);
			runOnlyForDeploymentPostprocessing = 0;
		};
/* End PBXFrameworksBuildPhase section */

/* Begin PBXGroup section */
		D27A18172B07A7BF00027EEE /* Managers */ = {
			isa = PBXGroup;
			children = (
				D2A1FDC02AE9AD4B007B5691 /* RequestManager.swift */,
				D27A18112B07A33B00027EEE /* AuthManager.swift */,
			);
			path = Managers;
			sourceTree = "<group>";
		};
		D27A18182B07A80100027EEE /* Views */ = {
			isa = PBXGroup;
			children = (
				D281C7D22AD87A76009ED17B /* AppMenuView.swift */,
				D281C7D02AD87A69009ED17B /* MusicPlayerView.swift */,
				D281C7C12AD879FA009ED17B /* SpotBarApp.swift */,
				D281C7D42AD87A8E009ED17B /* SongInfoImageOverlayView.swift */,
				D252FAE72B07B067007E3DFC /* WebView.swift */,
				D252FAE92B07B353007E3DFC /* LoginView.swift */,
				D27CB2982B11FF4800A4F012 /* HeaderView.swift */,
			);
			path = Views;
			sourceTree = "<group>";
		};
		D27CB28F2B11FD1100A4F012 /* Models */ = {
			isa = PBXGroup;
			children = (
				D27CB2922B11FDAA00A4F012 /* Token.swift */,
				D27CB2942B11FDD400A4F012 /* CurrentlyPlaying.swift */,
				D27CB2962B11FE0F00A4F012 /* Track.swift */,
			);
			path = Models;
			sourceTree = "<group>";
		};
		D27CB2912B11FD2100A4F012 /* Other */ = {
			isa = PBXGroup;
			children = (
				6EDCF5D22B0FE2B40049E31A /* Secrets.swift */,
			);
			path = Other;
			sourceTree = "<group>";
		};
		D281C7B52AD879FA009ED17B = {
			isa = PBXGroup;
			children = (
				D281C7C02AD879FA009ED17B /* SpotBar */,
				D281C7BF2AD879FA009ED17B /* Products */,
			);
			sourceTree = "<group>";
		};
		D281C7BF2AD879FA009ED17B /* Products */ = {
			isa = PBXGroup;
			children = (
				D281C7BE2AD879FA009ED17B /* SpotBar.app */,
			);
			name = Products;
			sourceTree = "<group>";
		};
		D281C7C02AD879FA009ED17B /* SpotBar */ = {
			isa = PBXGroup;
			children = (
				D27CB2912B11FD2100A4F012 /* Other */,
				D27CB28F2B11FD1100A4F012 /* Models */,
				D27A18182B07A80100027EEE /* Views */,
				D281C7C52AD879FB009ED17B /* Assets.xcassets */,
				D281C7CA2AD879FB009ED17B /* SpotBar.entitlements */,
				D281C7C72AD879FB009ED17B /* Preview Content */,
				D27A18172B07A7BF00027EEE /* Managers */,
			);
			path = SpotBar;
			sourceTree = "<group>";
		};
		D281C7C72AD879FB009ED17B /* Preview Content */ = {
			isa = PBXGroup;
			children = (
				D281C7C82AD879FB009ED17B /* Preview Assets.xcassets */,
			);
			path = "Preview Content";
			sourceTree = "<group>";
		};
/* End PBXGroup section */

/* Begin PBXNativeTarget section */
		D281C7BD2AD879FA009ED17B /* SpotBar */ = {
			isa = PBXNativeTarget;
			buildConfigurationList = D281C7CD2AD879FB009ED17B /* Build configuration list for PBXNativeTarget "SpotBar" */;
			buildPhases = (
				D281C7BA2AD879FA009ED17B /* Sources */,
				D281C7BB2AD879FA009ED17B /* Frameworks */,
				D281C7BC2AD879FA009ED17B /* Resources */,
			);
			buildRules = (
			);
			dependencies = (
			);
			name = SpotBar;
			productName = SpotBar;
			productReference = D281C7BE2AD879FA009ED17B /* SpotBar.app */;
			productType = "com.apple.product-type.application";
		};
/* End PBXNativeTarget section */

/* Begin PBXProject section */
		D281C7B62AD879FA009ED17B /* Project object */ = {
			isa = PBXProject;
			attributes = {
				BuildIndependentTargetsInParallel = 1;
				LastSwiftUpdateCheck = 1500;
				LastUpgradeCheck = 1500;
				TargetAttributes = {
					D281C7BD2AD879FA009ED17B = {
						CreatedOnToolsVersion = 15.0;
					};
				};
			};
			buildConfigurationList = D281C7B92AD879FA009ED17B /* Build configuration list for PBXProject "SpotBar" */;
			compatibilityVersion = "Xcode 14.0";
			developmentRegion = en;
			hasScannedForEncodings = 0;
			knownRegions = (
				en,
				Base,
			);
			mainGroup = D281C7B52AD879FA009ED17B;
			productRefGroup = D281C7BF2AD879FA009ED17B /* Products */;
			projectDirPath = "";
			projectRoot = "";
			targets = (
				D281C7BD2AD879FA009ED17B /* SpotBar */,
			);
		};
/* End PBXProject section */

/* Begin PBXResourcesBuildPhase section */
		D281C7BC2AD879FA009ED17B /* Resources */ = {
			isa = PBXResourcesBuildPhase;
			buildActionMask = 2147483647;
			files = (
				D281C7C92AD879FB009ED17B /* Preview Assets.xcassets in Resources */,
				D281C7C62AD879FB009ED17B /* Assets.xcassets in Resources */,
			);
			runOnlyForDeploymentPostprocessing = 0;
		};
/* End PBXResourcesBuildPhase section */

/* Begin PBXSourcesBuildPhase section */
		D281C7BA2AD879FA009ED17B /* Sources */ = {
			isa = PBXSourcesBuildPhase;
			buildActionMask = 2147483647;
			files = (
				D27CB2952B11FDD400A4F012 /* CurrentlyPlaying.swift in Sources */,
				6EDCF5D32B0FE2B40049E31A /* Secrets.swift in Sources */,
				D27A18122B07A33B00027EEE /* AuthManager.swift in Sources */,
				D281C7D52AD87A8E009ED17B /* SongInfoImageOverlayView.swift in Sources */,
				D2A1FDC12AE9AD4B007B5691 /* RequestManager.swift in Sources */,
				D27CB2932B11FDAA00A4F012 /* Token.swift in Sources */,
				D281C7C22AD879FA009ED17B /* SpotBarApp.swift in Sources */,
				D252FAEA2B07B353007E3DFC /* LoginView.swift in Sources */,
				D252FAE82B07B067007E3DFC /* WebView.swift in Sources */,
				D27CB2972B11FE0F00A4F012 /* Track.swift in Sources */,
				D281C7D32AD87A76009ED17B /* AppMenuView.swift in Sources */,
				D281C7D12AD87A69009ED17B /* MusicPlayerView.swift in Sources */,
				D27CB2992B11FF4800A4F012 /* HeaderView.swift in Sources */,
			);
			runOnlyForDeploymentPostprocessing = 0;
		};
/* End PBXSourcesBuildPhase section */

/* Begin XCBuildConfiguration section */
		D281C7CB2AD879FB009ED17B /* Debug */ = {
			isa = XCBuildConfiguration;
			buildSettings = {
				ALWAYS_SEARCH_USER_PATHS = NO;
				ASSETCATALOG_COMPILER_GENERATE_SWIFT_ASSET_SYMBOL_EXTENSIONS = YES;
				CLANG_ANALYZER_NONNULL = YES;
				CLANG_ANALYZER_NUMBER_OBJECT_CONVERSION = YES_AGGRESSIVE;
				CLANG_CXX_LANGUAGE_STANDARD = "gnu++20";
				CLANG_ENABLE_MODULES = YES;
				CLANG_ENABLE_OBJC_ARC = YES;
				CLANG_ENABLE_OBJC_WEAK = YES;
				CLANG_WARN_BLOCK_CAPTURE_AUTORELEASING = YES;
				CLANG_WARN_BOOL_CONVERSION = YES;
				CLANG_WARN_COMMA = YES;
				CLANG_WARN_CONSTANT_CONVERSION = YES;
				CLANG_WARN_DEPRECATED_OBJC_IMPLEMENTATIONS = YES;
				CLANG_WARN_DIRECT_OBJC_ISA_USAGE = YES_ERROR;
				CLANG_WARN_DOCUMENTATION_COMMENTS = YES;
				CLANG_WARN_EMPTY_BODY = YES;
				CLANG_WARN_ENUM_CONVERSION = YES;
				CLANG_WARN_INFINITE_RECURSION = YES;
				CLANG_WARN_INT_CONVERSION = YES;
				CLANG_WARN_NON_LITERAL_NULL_CONVERSION = YES;
				CLANG_WARN_OBJC_IMPLICIT_RETAIN_SELF = YES;
				CLANG_WARN_OBJC_LITERAL_CONVERSION = YES;
				CLANG_WARN_OBJC_ROOT_CLASS = YES_ERROR;
				CLANG_WARN_QUOTED_INCLUDE_IN_FRAMEWORK_HEADER = YES;
				CLANG_WARN_RANGE_LOOP_ANALYSIS = YES;
				CLANG_WARN_STRICT_PROTOTYPES = YES;
				CLANG_WARN_SUSPICIOUS_MOVE = YES;
				CLANG_WARN_UNGUARDED_AVAILABILITY = YES_AGGRESSIVE;
				CLANG_WARN_UNREACHABLE_CODE = YES;
				CLANG_WARN__DUPLICATE_METHOD_MATCH = YES;
				COPY_PHASE_STRIP = NO;
				DEBUG_INFORMATION_FORMAT = dwarf;
				ENABLE_STRICT_OBJC_MSGSEND = YES;
				ENABLE_TESTABILITY = YES;
				ENABLE_USER_SCRIPT_SANDBOXING = YES;
				GCC_C_LANGUAGE_STANDARD = gnu17;
				GCC_DYNAMIC_NO_PIC = NO;
				GCC_NO_COMMON_BLOCKS = YES;
				GCC_OPTIMIZATION_LEVEL = 0;
				GCC_PREPROCESSOR_DEFINITIONS = (
					"DEBUG=1",
					"$(inherited)",
				);
				GCC_WARN_64_TO_32_BIT_CONVERSION = YES;
				GCC_WARN_ABOUT_RETURN_TYPE = YES_ERROR;
				GCC_WARN_UNDECLARED_SELECTOR = YES;
				GCC_WARN_UNINITIALIZED_AUTOS = YES_AGGRESSIVE;
				GCC_WARN_UNUSED_FUNCTION = YES;
				GCC_WARN_UNUSED_VARIABLE = YES;
				LOCALIZATION_PREFERS_STRING_CATALOGS = YES;
				MACOSX_DEPLOYMENT_TARGET = 14.0;
				MTL_ENABLE_DEBUG_INFO = INCLUDE_SOURCE;
				MTL_FAST_MATH = YES;
				ONLY_ACTIVE_ARCH = YES;
				SDKROOT = macosx;
				SWIFT_ACTIVE_COMPILATION_CONDITIONS = "DEBUG $(inherited)";
				SWIFT_OPTIMIZATION_LEVEL = "-Onone";
			};
			name = Debug;
		};
		D281C7CC2AD879FB009ED17B /* Release */ = {
			isa = XCBuildConfiguration;
			buildSettings = {
				ALWAYS_SEARCH_USER_PATHS = NO;
				ASSETCATALOG_COMPILER_GENERATE_SWIFT_ASSET_SYMBOL_EXTENSIONS = YES;
				CLANG_ANALYZER_NONNULL = YES;
				CLANG_ANALYZER_NUMBER_OBJECT_CONVERSION = YES_AGGRESSIVE;
				CLANG_CXX_LANGUAGE_STANDARD = "gnu++20";
				CLANG_ENABLE_MODULES = YES;
				CLANG_ENABLE_OBJC_ARC = YES;
				CLANG_ENABLE_OBJC_WEAK = YES;
				CLANG_WARN_BLOCK_CAPTURE_AUTORELEASING = YES;
				CLANG_WARN_BOOL_CONVERSION = YES;
				CLANG_WARN_COMMA = YES;
				CLANG_WARN_CONSTANT_CONVERSION = YES;
				CLANG_WARN_DEPRECATED_OBJC_IMPLEMENTATIONS = YES;
				CLANG_WARN_DIRECT_OBJC_ISA_USAGE = YES_ERROR;
				CLANG_WARN_DOCUMENTATION_COMMENTS = YES;
				CLANG_WARN_EMPTY_BODY = YES;
				CLANG_WARN_ENUM_CONVERSION = YES;
				CLANG_WARN_INFINITE_RECURSION = YES;
				CLANG_WARN_INT_CONVERSION = YES;
				CLANG_WARN_NON_LITERAL_NULL_CONVERSION = YES;
				CLANG_WARN_OBJC_IMPLICIT_RETAIN_SELF = YES;
				CLANG_WARN_OBJC_LITERAL_CONVERSION = YES;
				CLANG_WARN_OBJC_ROOT_CLASS = YES_ERROR;
				CLANG_WARN_QUOTED_INCLUDE_IN_FRAMEWORK_HEADER = YES;
				CLANG_WARN_RANGE_LOOP_ANALYSIS = YES;
				CLANG_WARN_STRICT_PROTOTYPES = YES;
				CLANG_WARN_SUSPICIOUS_MOVE = YES;
				CLANG_WARN_UNGUARDED_AVAILABILITY = YES_AGGRESSIVE;
				CLANG_WARN_UNREACHABLE_CODE = YES;
				CLANG_WARN__DUPLICATE_METHOD_MATCH = YES;
				COPY_PHASE_STRIP = NO;
				DEBUG_INFORMATION_FORMAT = "dwarf-with-dsym";
				ENABLE_NS_ASSERTIONS = NO;
				ENABLE_STRICT_OBJC_MSGSEND = YES;
				ENABLE_USER_SCRIPT_SANDBOXING = YES;
				GCC_C_LANGUAGE_STANDARD = gnu17;
				GCC_NO_COMMON_BLOCKS = YES;
				GCC_WARN_64_TO_32_BIT_CONVERSION = YES;
				GCC_WARN_ABOUT_RETURN_TYPE = YES_ERROR;
				GCC_WARN_UNDECLARED_SELECTOR = YES;
				GCC_WARN_UNINITIALIZED_AUTOS = YES_AGGRESSIVE;
				GCC_WARN_UNUSED_FUNCTION = YES;
				GCC_WARN_UNUSED_VARIABLE = YES;
				LOCALIZATION_PREFERS_STRING_CATALOGS = YES;
				MACOSX_DEPLOYMENT_TARGET = 14.0;
				MTL_ENABLE_DEBUG_INFO = NO;
				MTL_FAST_MATH = YES;
				SDKROOT = macosx;
				SWIFT_COMPILATION_MODE = wholemodule;
			};
			name = Release;
		};
		D281C7CE2AD879FB009ED17B /* Debug */ = {
			isa = XCBuildConfiguration;
			buildSettings = {
				ASSETCATALOG_COMPILER_APPICON_NAME = AppIcon;
				ASSETCATALOG_COMPILER_GLOBAL_ACCENT_COLOR_NAME = AccentColor;
				CODE_SIGN_ENTITLEMENTS = SpotBar/SpotBar.entitlements;
				CODE_SIGN_STYLE = Automatic;
				COMBINE_HIDPI_IMAGES = YES;
				CURRENT_PROJECT_VERSION = 1;
				DEVELOPMENT_ASSET_PATHS = "\"SpotBar/Preview Content\"";
				ENABLE_PREVIEWS = YES;
				GENERATE_INFOPLIST_FILE = YES;
				INFOPLIST_KEY_CFBundleDisplayName = SpotBar;
				INFOPLIST_KEY_LSApplicationCategoryType = "public.app-category.music";
				INFOPLIST_KEY_NSHumanReadableCopyright = "";
				LD_RUNPATH_SEARCH_PATHS = (
					"$(inherited)",
					"@executable_path/../Frameworks",
				);
				MACOSX_DEPLOYMENT_TARGET = 13.0;
				MARKETING_VERSION = 0.0.1;
				PRODUCT_BUNDLE_IDENTIFIER = se.philiplarsson.SpotBar;
				PRODUCT_NAME = "$(TARGET_NAME)";
				SWIFT_EMIT_LOC_STRINGS = YES;
				SWIFT_VERSION = 5.0;
			};
			name = Debug;
		};
		D281C7CF2AD879FB009ED17B /* Release */ = {
			isa = XCBuildConfiguration;
			buildSettings = {
				ASSETCATALOG_COMPILER_APPICON_NAME = AppIcon;
				ASSETCATALOG_COMPILER_GLOBAL_ACCENT_COLOR_NAME = AccentColor;
				CODE_SIGN_ENTITLEMENTS = SpotBar/SpotBar.entitlements;
				CODE_SIGN_STYLE = Automatic;
				COMBINE_HIDPI_IMAGES = YES;
				CURRENT_PROJECT_VERSION = 1;
				DEVELOPMENT_ASSET_PATHS = "\"SpotBar/Preview Content\"";
				ENABLE_PREVIEWS = YES;
				GENERATE_INFOPLIST_FILE = YES;
				INFOPLIST_KEY_CFBundleDisplayName = SpotBar;
				INFOPLIST_KEY_LSApplicationCategoryType = "public.app-category.music";
				INFOPLIST_KEY_NSHumanReadableCopyright = "";
				LD_RUNPATH_SEARCH_PATHS = (
					"$(inherited)",
					"@executable_path/../Frameworks",
				);
				MACOSX_DEPLOYMENT_TARGET = 13.0;
				MARKETING_VERSION = 0.0.1;
				PRODUCT_BUNDLE_IDENTIFIER = se.philiplarsson.SpotBar;
				PRODUCT_NAME = "$(TARGET_NAME)";
				SWIFT_EMIT_LOC_STRINGS = YES;
				SWIFT_VERSION = 5.0;
			};
			name = Release;
		};
/* End XCBuildConfiguration section */

/* Begin XCConfigurationList section */
		D281C7B92AD879FA009ED17B /* Build configuration list for PBXProject "SpotBar" */ = {
			isa = XCConfigurationList;
			buildConfigurations = (
				D281C7CB2AD879FB009ED17B /* Debug */,
				D281C7CC2AD879FB009ED17B /* Release */,
			);
			defaultConfigurationIsVisible = 0;
			defaultConfigurationName = Release;
		};
		D281C7CD2AD879FB009ED17B /* Build configuration list for PBXNativeTarget "SpotBar" */ = {
			isa = XCConfigurationList;
			buildConfigurations = (
				D281C7CE2AD879FB009ED17B /* Debug */,
				D281C7CF2AD879FB009ED17B /* Release */,
			);
			defaultConfigurationIsVisible = 0;
			defaultConfigurationName = Release;
		};
/* End XCConfigurationList section */
	};
	rootObject = D281C7B62AD879FA009ED17B /* Project object */;
}
